
Microsoft Visual Studio Solution File, Format Version 12.00
# Visual Studio 15
VisualStudioVersion = 15.0.27130.2024
MinimumVisualStudioVersion = 10.0.40219.1
Project("{FAE04EC0-301F-11D3-BF4B-00C04F79EFBC}") = "Todo.Web", "Todo.Web\Todo.Web.csproj", "{1A889FBD-7343-4608-98FB-7E035D7CFFA8}"
EndProject
Project("{FAE04EC0-301F-11D3-BF4B-00C04F79EFBC}") = "Services", "Services\Services.csproj", "{12BB52C0-F15B-482F-92F4-3CDD3CD02657}"
EndProject
Project("{FAE04EC0-301F-11D3-BF4B-00C04F79EFBC}") = "Models", "Models\Models.csproj", "{F33E9B58-8864-4851-8086-1352B8305441}"
EndProject
Project("{FAE04EC0-301F-11D3-BF4B-00C04F79EFBC}") = "Data", "Data\Data.csproj", "{6CFC17D9-BFF0-455D-A3CB-6F5A929581E4}"
EndProject
Global
	GlobalSection(SolutionConfigurationPlatforms) = preSolution
		Debug|Any CPU = Debug|Any CPU
		Release|Any CPU = Release|Any CPU
	EndGlobalSection
	GlobalSection(ProjectConfigurationPlatforms) = postSolution
		{1A889FBD-7343-4608-98FB-7E035D7CFFA8}.Debug|Any CPU.ActiveCfg = Debug|Any CPU
		{1A889FBD-7343-4608-98FB-7E035D7CFFA8}.Debug|Any CPU.Build.0 = Debug|Any CPU
		{1A889FBD-7343-4608-98FB-7E035D7CFFA8}.Release|Any CPU.ActiveCfg = Release|Any CPU
		{1A889FBD-7343-4608-98FB-7E035D7CFFA8}.Release|Any CPU.Build.0 = Release|Any CPU
		{12BB52C0-F15B-482F-92F4-3CDD3CD02657}.Debug|Any CPU.ActiveCfg = Debug|Any CPU
		{12BB52C0-F15B-482F-92F4-3CDD3CD02657}.Debug|Any CPU.Build.0 = Debug|Any CPU
		{12BB52C0-F15B-482F-92F4-3CDD3CD02657}.Release|Any CPU.ActiveCfg = Release|Any CPU
		{12BB52C0-F15B-482F-92F4-3CDD3CD02657}.Release|Any CPU.Build.0 = Release|Any CPU
		{F33E9B58-8864-4851-8086-1352B8305441}.Debug|Any CPU.ActiveCfg = Debug|Any CPU
		{F33E9B58-8864-4851-8086-1352B8305441}.Debug|Any CPU.Build.0 = Debug|Any CPU
		{F33E9B58-8864-4851-8086-1352B8305441}.Release|Any CPU.ActiveCfg = Release|Any CPU
		{F33E9B58-8864-4851-8086-1352B8305441}.Release|Any CPU.Build.0 = Release|Any CPU
		{6CFC17D9-BFF0-455D-A3CB-6F5A929581E4}.Debug|Any CPU.ActiveCfg = Debug|Any CPU
		{6CFC17D9-BFF0-455D-A3CB-6F5A929581E4}.Debug|Any CPU.Build.0 = Debug|Any CPU
		{6CFC17D9-BFF0-455D-A3CB-6F5A929581E4}.Release|Any CPU.ActiveCfg = Release|Any CPU
		{6CFC17D9-BFF0-455D-A3CB-6F5A929581E4}.Release|Any CPU.Build.0 = Release|Any CPU
	EndGlobalSection
	GlobalSection(SolutionProperties) = preSolution
		HideSolutionNode = FALSE
	EndGlobalSection
	GlobalSection(ExtensibilityGlobals) = postSolution
		SolutionGuid = {73D41D87-D594-4362-8674-C17A1A135DE1}
	EndGlobalSection
EndGlobal
